
Microsoft Visual Studio Solution File, Format Version 12.00
# Visual Studio Version 17
VisualStudioVersion = 17.7.34031.279
MinimumVisualStudioVersion = 10.0.40219.1
Project("{FAE04EC0-301F-11D3-BF4B-00C04F79EFBC}") = "NetCore5Api", "NetCore5Api\NetCore5Api.csproj", "{84B49834-1DAA-4A24-998C-D53CCC9566B3}"
EndProject
Global
	GlobalSection(SolutionConfigurationPlatforms) = preSolution
		Debug|Any CPU = Debug|Any CPU
		Release|Any CPU = Release|Any CPU
	EndGlobalSection
	GlobalSection(ProjectConfigurationPlatforms) = postSolution
		{84B49834-1DAA-4A24-998C-D53CCC9566B3}.Debug|Any CPU.ActiveCfg = Debug|Any CPU
		{84B49834-1DAA-4A24-998C-D53CCC9566B3}.Debug|Any CPU.Build.0 = Debug|Any CPU
		{84B49834-1DAA-4A24-998C-D53CCC9566B3}.Release|Any CPU.ActiveCfg = Release|Any CPU
		{84B49834-1DAA-4A24-998C-D53CCC9566B3}.Release|Any CPU.Build.0 = Release|Any CPU
	EndGlobalSection
	GlobalSection(SolutionProperties) = preSolution
		HideSolutionNode = FALSE
	EndGlobalSection
	GlobalSection(ExtensibilityGlobals) = postSolution
		SolutionGuid = {33A12F1C-AA23-42F0-9F26-BBC19377FC51}
	EndGlobalSection
EndGlobal
